
Microsoft Visual Studio Solution File, Format Version 12.00
# Visual Studio Version 17
VisualStudioVersion = 17.0.31903.59
MinimumVisualStudioVersion = 10.0.40219.1
Project("{8BC9CEB8-8B4A-11D0-8D11-00A0C91BC942}") = "WinUI3Cpp", "WinUI3Cpp\WinUI3Cpp.vcxproj", "{78F9B7CF-7BFF-49E8-915C-C52A7E34F8A0}"
EndProject
Project("{8BC9CEB8-8B4A-11D0-8D11-00A0C91BC942}") = "WinUI2Cpp", "WinUI2Cpp\WinUI2Cpp.vcxproj", "{7CA0FF73-E655-4FF8-8EE8-49BEFCAE18E6}"
EndProject
Project("{2150E333-8FDC-42A3-9474-1A3956D46DE8}") = "Solution Items", "Solution Items", "{80511463-84D5-4637-83B2-BE2DC778255F}"
	ProjectSection(SolutionItems) = preProject
		README.md = README.md
	EndProjectSection
EndProject
Global
	GlobalSection(SolutionConfigurationPlatforms) = preSolution
		Debug|ARM = Debug|ARM
		Debug|arm64 = Debug|arm64
		Debug|x64 = Debug|x64
		Debug|x86 = Debug|x86
		Release|ARM = Release|ARM
		Release|arm64 = Release|arm64
		Release|x64 = Release|x64
		Release|x86 = Release|x86
	EndGlobalSection
	GlobalSection(ProjectConfigurationPlatforms) = postSolution
		{78F9B7CF-7BFF-49E8-915C-C52A7E34F8A0}.Debug|ARM.ActiveCfg = Debug|x64
		{78F9B7CF-7BFF-49E8-915C-C52A7E34F8A0}.Debug|ARM.Build.0 = Debug|x64
		{78F9B7CF-7BFF-49E8-915C-C52A7E34F8A0}.Debug|ARM.Deploy.0 = Debug|x64
		{78F9B7CF-7BFF-49E8-915C-C52A7E34F8A0}.Debug|arm64.ActiveCfg = Debug|arm64
		{78F9B7CF-7BFF-49E8-915C-C52A7E34F8A0}.Debug|arm64.Build.0 = Debug|arm64
		{78F9B7CF-7BFF-49E8-915C-C52A7E34F8A0}.Debug|arm64.Deploy.0 = Debug|arm64
		{78F9B7CF-7BFF-49E8-915C-C52A7E34F8A0}.Debug|x64.ActiveCfg = Debug|x64
		{78F9B7CF-7BFF-49E8-915C-C52A7E34F8A0}.Debug|x64.Build.0 = Debug|x64
		{78F9B7CF-7BFF-49E8-915C-C52A7E34F8A0}.Debug|x64.Deploy.0 = Debug|x64
		{78F9B7CF-7BFF-49E8-915C-C52A7E34F8A0}.Debug|x86.ActiveCfg = Debug|Win32
		{78F9B7CF-7BFF-49E8-915C-C52A7E34F8A0}.Debug|x86.Build.0 = Debug|Win32
		{78F9B7CF-7BFF-49E8-915C-C52A7E34F8A0}.Debug|x86.Deploy.0 = Debug|Win32
		{78F9B7CF-7BFF-49E8-915C-C52A7E34F8A0}.Release|ARM.ActiveCfg = Release|x64
		{78F9B7CF-7BFF-49E8-915C-C52A7E34F8A0}.Release|ARM.Build.0 = Release|x64
		{78F9B7CF-7BFF-49E8-915C-C52A7E34F8A0}.Release|ARM.Deploy.0 = Release|x64
		{78F9B7CF-7BFF-49E8-915C-C52A7E34F8A0}.Release|arm64.ActiveCfg = Release|arm64
		{78F9B7CF-7BFF-49E8-915C-C52A7E34F8A0}.Release|arm64.Build.0 = Release|arm64
		{78F9B7CF-7BFF-49E8-915C-C52A7E34F8A0}.Release|arm64.Deploy.0 = Release|arm64
		{78F9B7CF-7BFF-49E8-915C-C52A7E34F8A0}.Release|x64.ActiveCfg = Release|x64
		{78F9B7CF-7BFF-49E8-915C-C52A7E34F8A0}.Release|x64.Build.0 = Release|x64
		{78F9B7CF-7BFF-49E8-915C-C52A7E34F8A0}.Release|x64.Deploy.0 = Release|x64
		{78F9B7CF-7BFF-49E8-915C-C52A7E34F8A0}.Release|x86.ActiveCfg = Release|Win32
		{78F9B7CF-7BFF-49E8-915C-C52A7E34F8A0}.Release|x86.Build.0 = Release|Win32
		{78F9B7CF-7BFF-49E8-915C-C52A7E34F8A0}.Release|x86.Deploy.0 = Release|Win32
		{7CA0FF73-E655-4FF8-8EE8-49BEFCAE18E6}.Debug|ARM.ActiveCfg = Debug|ARM
		{7CA0FF73-E655-4FF8-8EE8-49BEFCAE18E6}.Debug|ARM.Build.0 = Debug|ARM
		{7CA0FF73-E655-4FF8-8EE8-49BEFCAE18E6}.Debug|ARM.Deploy.0 = Debug|ARM
		{7CA0FF73-E655-4FF8-8EE8-49BEFCAE18E6}.Debug|arm64.ActiveCfg = Debug|ARM64
		{7CA0FF73-E655-4FF8-8EE8-49BEFCAE18E6}.Debug|arm64.Build.0 = Debug|ARM64
		{7CA0FF73-E655-4FF8-8EE8-49BEFCAE18E6}.Debug|arm64.Deploy.0 = Debug|ARM64
		{7CA0FF73-E655-4FF8-8EE8-49BEFCAE18E6}.Debug|x64.ActiveCfg = Debug|x64
		{7CA0FF73-E655-4FF8-8EE8-49BEFCAE18E6}.Debug|x64.Build.0 = Debug|x64
		{7CA0FF73-E655-4FF8-8EE8-49BEFCAE18E6}.Debug|x64.Deploy.0 = Debug|x64
		{7CA0FF73-E655-4FF8-8EE8-49BEFCAE18E6}.Debug|x86.ActiveCfg = Debug|Win32
		{7CA0FF73-E655-4FF8-8EE8-49BEFCAE18E6}.Debug|x86.Build.0 = Debug|Win32
		{7CA0FF73-E655-4FF8-8EE8-49BEFCAE18E6}.Debug|x86.Deploy.0 = Debug|Win32
		{7CA0FF73-E655-4FF8-8EE8-49BEFCAE18E6}.Release|ARM.ActiveCfg = Release|ARM
		{7CA0FF73-E655-4FF8-8EE8-49BEFCAE18E6}.Release|ARM.Build.0 = Release|ARM
		{7CA0FF73-E655-4FF8-8EE8-49BEFCAE18E6}.Release|ARM.Deploy.0 = Release|ARM
		{7CA0FF73-E655-4FF8-8EE8-49BEFCAE18E6}.Release|arm64.ActiveCfg = Release|ARM64
		{7CA0FF73-E655-4FF8-8EE8-49BEFCAE18E6}.Release|arm64.Build.0 = Release|ARM64
		{7CA0FF73-E655-4FF8-8EE8-49BEFCAE18E6}.Release|arm64.Deploy.0 = Release|ARM64
		{7CA0FF73-E655-4FF8-8EE8-49BEFCAE18E6}.Release|x64.ActiveCfg = Release|x64
		{7CA0FF73-E655-4FF8-8EE8-49BEFCAE18E6}.Release|x64.Build.0 = Release|x64
		{7CA0FF73-E655-4FF8-8EE8-49BEFCAE18E6}.Release|x64.Deploy.0 = Release|x64
		{7CA0FF73-E655-4FF8-8EE8-49BEFCAE18E6}.Release|x86.ActiveCfg = Release|Win32
		{7CA0FF73-E655-4FF8-8EE8-49BEFCAE18E6}.Release|x86.Build.0 = Release|Win32
		{7CA0FF73-E655-4FF8-8EE8-49BEFCAE18E6}.Release|x86.Deploy.0 = Release|Win32
	EndGlobalSection
	GlobalSection(SolutionProperties) = preSolution
		HideSolutionNode = FALSE
	EndGlobalSection
	GlobalSection(ExtensibilityGlobals) = postSolution
		SolutionGuid = {18C59768-3F68-4F11-A77C-9BE1F8A9FEF2}
	EndGlobalSection
EndGlobal
